
Microsoft Visual Studio Solution File, Format Version 10.00
# Visual Studio 2008
Project("{FAE04EC0-301F-11D3-BF4B-00C04F79EFBC}") = "CS_VBusSample1", "CS_VBusSample1.csproj", "{D96FFC08-2670-4EB1-804C-01C990EBC354}"
EndProject
Global
	GlobalSection(SolutionConfigurationPlatforms) = preSolution
		Debug|Any CPU = Debug|Any CPU
		Release|Any CPU = Release|Any CPU
	EndGlobalSection
	GlobalSection(ProjectConfigurationPlatforms) = postSolution
		{D96FFC08-2670-4EB1-804C-01C990EBC354}.Debug|Any CPU.ActiveCfg = Debug|Any CPU
		{D96FFC08-2670-4EB1-804C-01C990EBC354}.Debug|Any CPU.Build.0 = Debug|Any CPU
		{D96FFC08-2670-4EB1-804C-01C990EBC354}.Debug|Any CPU.Deploy.0 = Debug|Any CPU
		{D96FFC08-2670-4EB1-804C-01C990EBC354}.Release|Any CPU.ActiveCfg = Release|Any CPU
		{D96FFC08-2670-4EB1-804C-01C990EBC354}.Release|Any CPU.Build.0 = Release|Any CPU
		{D96FFC08-2670-4EB1-804C-01C990EBC354}.Release|Any CPU.Deploy.0 = Release|Any CPU
	EndGlobalSection
	GlobalSection(SolutionProperties) = preSolution
		HideSolutionNode = FALSE
	EndGlobalSection
EndGlobal
