
Microsoft Visual Studio Solution File, Format Version 10.00
# Visual Studio 2008
Project("{FAE04EC0-301F-11D3-BF4B-00C04F79EFBC}") = "CS_WANSample", "CS_WANSample.csproj", "{FDA97E91-8DAB-4824-A721-B880D3D92AA5}"
EndProject
Global
	GlobalSection(SolutionConfigurationPlatforms) = preSolution
		Debug|Any CPU = Debug|Any CPU
		Release|Any CPU = Release|Any CPU
	EndGlobalSection
	GlobalSection(ProjectConfigurationPlatforms) = postSolution
		{FDA97E91-8DAB-4824-A721-B880D3D92AA5}.Debug|Any CPU.ActiveCfg = Debug|Any CPU
		{FDA97E91-8DAB-4824-A721-B880D3D92AA5}.Debug|Any CPU.Build.0 = Debug|Any CPU
		{FDA97E91-8DAB-4824-A721-B880D3D92AA5}.Debug|Any CPU.Deploy.0 = Debug|Any CPU
		{FDA97E91-8DAB-4824-A721-B880D3D92AA5}.Release|Any CPU.ActiveCfg = Release|Any CPU
		{FDA97E91-8DAB-4824-A721-B880D3D92AA5}.Release|Any CPU.Build.0 = Release|Any CPU
		{FDA97E91-8DAB-4824-A721-B880D3D92AA5}.Release|Any CPU.Deploy.0 = Release|Any CPU
	EndGlobalSection
	GlobalSection(SolutionProperties) = preSolution
		HideSolutionNode = FALSE
	EndGlobalSection
EndGlobal
